
Microsoft Visual Studio Solution File, Format Version 12.00
# Visual Studio Version 17
VisualStudioVersion = 17.3.32811.315
MinimumVisualStudioVersion = 10.0.40219.1
Project("{FAE04EC0-301F-11D3-BF4B-00C04F79EFBC}") = "23dh114467_MyStore", "23dh114467_MyStore\23dh114467_MyStore.csproj", "{D79DB90A-6314-43EF-88AF-37959FB17B25}"
EndProject
Global
	GlobalSection(SolutionConfigurationPlatforms) = preSolution
		Debug|Any CPU = Debug|Any CPU
		Release|Any CPU = Release|Any CPU
	EndGlobalSection
	GlobalSection(ProjectConfigurationPlatforms) = postSolution
		{D79DB90A-6314-43EF-88AF-37959FB17B25}.Debug|Any CPU.ActiveCfg = Debug|Any CPU
		{D79DB90A-6314-43EF-88AF-37959FB17B25}.Debug|Any CPU.Build.0 = Debug|Any CPU
		{D79DB90A-6314-43EF-88AF-37959FB17B25}.Release|Any CPU.ActiveCfg = Release|Any CPU
		{D79DB90A-6314-43EF-88AF-37959FB17B25}.Release|Any CPU.Build.0 = Release|Any CPU
	EndGlobalSection
	GlobalSection(SolutionProperties) = preSolution
		HideSolutionNode = FALSE
	EndGlobalSection
	GlobalSection(ExtensibilityGlobals) = postSolution
		SolutionGuid = {18D6C620-0AD5-4652-AFDB-F90E9FB33D02}
	EndGlobalSection
EndGlobal
